{
  "name": "clear-sky-predictor",
  "version": "1.0.0",
  "lockfileVersion": 3,
  "requires": true,
  "packages": {
    "": {
      "name": "clear-sky-predictor",
      "version": "1.0.0",
      "dependencies": {
        "gcharts": "^1.0.0"
      }
    },
    "node_modules/gcharts": {
      "version": "1.0.0",
      "resolved": "https://registry.npmjs.org/gcharts/-/gcharts-1.0.0.tgz",
      "integrity": "sha512-eNMcdUfdTtHeVgNXlBiWiFpjBL2Dxz74+ezN9BMm6qNhuoYUMRtvtlAOFO2Wo0zY7/GiQ2Ivwu1FqRx69tj3dw==",
      "license": "Apache 2.0"
    }
  }
}
